
Microsoft Visual Studio Solution File, Format Version 12.00
# Visual Studio Version 16
VisualStudioVersion = 16.0.30804.86
MinimumVisualStudioVersion = 10.0.40219.1
Project("{FAE04EC0-301F-11D3-BF4B-00C04F79EFBC}") = "Algoritmos", "Algoritmos\Algoritmos.csproj", "{6364DD20-FC50-405F-9CFF-30F682FFEE5D}"
EndProject
Project("{FAE04EC0-301F-11D3-BF4B-00C04F79EFBC}") = "Algoritmos.Test", "Algoritmos.Test\Algoritmos.Test.csproj", "{F7AA697C-AD26-484F-B437-B442C6D72FB9}"
EndProject
Global
	GlobalSection(SolutionConfigurationPlatforms) = preSolution
		Debug|Any CPU = Debug|Any CPU
		Release|Any CPU = Release|Any CPU
	EndGlobalSection
	GlobalSection(ProjectConfigurationPlatforms) = postSolution
		{6364DD20-FC50-405F-9CFF-30F682FFEE5D}.Debug|Any CPU.ActiveCfg = Debug|Any CPU
		{6364DD20-FC50-405F-9CFF-30F682FFEE5D}.Debug|Any CPU.Build.0 = Debug|Any CPU
		{6364DD20-FC50-405F-9CFF-30F682FFEE5D}.Release|Any CPU.ActiveCfg = Release|Any CPU
		{6364DD20-FC50-405F-9CFF-30F682FFEE5D}.Release|Any CPU.Build.0 = Release|Any CPU
		{F7AA697C-AD26-484F-B437-B442C6D72FB9}.Debug|Any CPU.ActiveCfg = Debug|Any CPU
		{F7AA697C-AD26-484F-B437-B442C6D72FB9}.Debug|Any CPU.Build.0 = Debug|Any CPU
		{F7AA697C-AD26-484F-B437-B442C6D72FB9}.Release|Any CPU.ActiveCfg = Release|Any CPU
		{F7AA697C-AD26-484F-B437-B442C6D72FB9}.Release|Any CPU.Build.0 = Release|Any CPU
	EndGlobalSection
	GlobalSection(SolutionProperties) = preSolution
		HideSolutionNode = FALSE
	EndGlobalSection
	GlobalSection(ExtensibilityGlobals) = postSolution
		SolutionGuid = {9D02049A-8A97-4F9A-94B4-2180E34B6102}
	EndGlobalSection
EndGlobal
